// !$*UTF8*$!
{
	archiveVersion = 1;
	classes = {
	};
	objectVersion = 50;
	objects = {

/* Begin PBXBuildFile section */
		D54D0BE9266BE8740098AFD1 /* AppDelegate.swift in Sources */ = {isa = PBXBuildFile; fileRef = D54D0BE8266BE8740098AFD1 /* AppDelegate.swift */; };
		D54D0BEB266BE8740098AFD1 /* SceneDelegate.swift in Sources */ = {isa = PBXBuildFile; fileRef = D54D0BEA266BE8740098AFD1 /* SceneDelegate.swift */; };
		D54D0BED266BE8740098AFD1 /* ViewController.swift in Sources */ = {isa = PBXBuildFile; fileRef = D54D0BEC266BE8740098AFD1 /* ViewController.swift */; };
		D54D0BF0266BE8740098AFD1 /* Main.storyboard in Resources */ = {isa = PBXBuildFile; fileRef = D54D0BEE266BE8740098AFD1 /* Main.storyboard */; };
		D54D0BF2266BE8760098AFD1 /* Assets.xcassets in Resources */ = {isa = PBXBuildFile; fileRef = D54D0BF1266BE8760098AFD1 /* Assets.xcassets */; };
		D54D0BF5266BE8760098AFD1 /* LaunchScreen.storyboard in Resources */ = {isa = PBXBuildFile; fileRef = D54D0BF3266BE8760098AFD1 /* LaunchScreen.storyboard */; };
		D54D0C00266BE8760098AFD1 /* Summer2021Tests.swift in Sources */ = {isa = PBXBuildFile; fileRef = D54D0BFF266BE8760098AFD1 /* Summer2021Tests.swift */; };
		D54D0C0B266BE8760098AFD1 /* Summer2021UITests.swift in Sources */ = {isa = PBXBuildFile; fileRef = D54D0C0A266BE8760098AFD1 /* Summer2021UITests.swift */; };
/* End PBXBuildFile section */

/* Begin PBXContainerItemProxy section */
		D54D0BFC266BE8760098AFD1 /* PBXContainerItemProxy */ = {
			isa = PBXContainerItemProxy;
			containerPortal = D54D0BDD266BE8740098AFD1 /* Project object */;
			proxyType = 1;
			remoteGlobalIDString = D54D0BE4266BE8740098AFD1;
			remoteInfo = Summer2021;
		};
		D54D0C07266BE8760098AFD1 /* PBXContainerItemProxy */ = {
			isa = PBXContainerItemProxy;
			containerPortal = D54D0BDD266BE8740098AFD1 /* Project object */;
			proxyType = 1;
			remoteGlobalIDString = D54D0BE4266BE8740098AFD1;
			remoteInfo = Summer2021;
		};
/* End PBXContainerItemProxy section */

/* Begin PBXFileReference section */
		D54D0BE5266BE8740098AFD1 /* Summer2021.app */ = {isa = PBXFileReference; explicitFileType = wrapper.application; includeInIndex = 0; path = Summer2021.app; sourceTree = BUILT_PRODUCTS_DIR; };
		D54D0BE8266BE8740098AFD1 /* AppDelegate.swift */ = {isa = PBXFileReference; lastKnownFileType = sourcecode.swift; path = AppDelegate.swift; sourceTree = "<group>"; };
		D54D0BEA266BE8740098AFD1 /* SceneDelegate.swift */ = {isa = PBXFileReference; lastKnownFileType = sourcecode.swift; path = SceneDelegate.swift; sourceTree = "<group>"; };
		D54D0BEC266BE8740098AFD1 /* ViewController.swift */ = {isa = PBXFileReference; lastKnownFileType = sourcecode.swift; path = ViewController.swift; sourceTree = "<group>"; };
		D54D0BEF266BE8740098AFD1 /* Base */ = {isa = PBXFileReference; lastKnownFileType = file.storyboard; name = Base; path = Base.lproj/Main.storyboard; sourceTree = "<group>"; };
		D54D0BF1266BE8760098AFD1 /* Assets.xcassets */ = {isa = PBXFileReference; lastKnownFileType = folder.assetcatalog; path = Assets.xcassets; sourceTree = "<group>"; };
		D54D0BF4266BE8760098AFD1 /* Base */ = {isa = PBXFileReference; lastKnownFileType = file.storyboard; name = Base; path = Base.lproj/LaunchScreen.storyboard; sourceTree = "<group>"; };
		D54D0BF6266BE8760098AFD1 /* Info.plist */ = {isa = PBXFileReference; lastKnownFileType = text.plist.xml; path = Info.plist; sourceTree = "<group>"; };
		D54D0BFB266BE8760098AFD1 /* Summer2021Tests.xctest */ = {isa = PBXFileReference; explicitFileType = wrapper.cfbundle; includeInIndex = 0; path = Summer2021Tests.xctest; sourceTree = BUILT_PRODUCTS_DIR; };
		D54D0BFF266BE8760098AFD1 /* Summer2021Tests.swift */ = {isa = PBXFileReference; lastKnownFileType = sourcecode.swift; path = Summer2021Tests.swift; sourceTree = "<group>"; };
		D54D0C01266BE8760098AFD1 /* Info.plist */ = {isa = PBXFileReference; lastKnownFileType = text.plist.xml; path = Info.plist; sourceTree = "<group>"; };
		D54D0C06266BE8760098AFD1 /* Summer2021UITests.xctest */ = {isa = PBXFileReference; explicitFileType = wrapper.cfbundle; includeInIndex = 0; path = Summer2021UITests.xctest; sourceTree = BUILT_PRODUCTS_DIR; };
		D54D0C0A266BE8760098AFD1 /* Summer2021UITests.swift */ = {isa = PBXFileReference; lastKnownFileType = sourcecode.swift; path = Summer2021UITests.swift; sourceTree = "<group>"; };
		D54D0C0C266BE8760098AFD1 /* Info.plist */ = {isa = PBXFileReference; lastKnownFileType = text.plist.xml; path = Info.plist; sourceTree = "<group>"; };
/* End PBXFileReference section */

/* Begin PBXFrameworksBuildPhase section */
		D54D0BE2266BE8740098AFD1 /* Frameworks */ = {
			isa = PBXFrameworksBuildPhase;
			buildActionMask = 2147483647;
			files = (
			);
			runOnlyForDeploymentPostprocessing = 0;
		};
		D54D0BF8266BE8760098AFD1 /* Frameworks */ = {
			isa = PBXFrameworksBuildPhase;
			buildActionMask = 2147483647;
			files = (
			);
			runOnlyForDeploymentPostprocessing = 0;
		};
		D54D0C03266BE8760098AFD1 /* Frameworks */ = {
			isa = PBXFrameworksBuildPhase;
			buildActionMask = 2147483647;
			files = (
			);
			runOnlyForDeploymentPostprocessing = 0;
		};
/* End PBXFrameworksBuildPhase section */

/* Begin PBXGroup section */
		D54D0BDC266BE8740098AFD1 = {
			isa = PBXGroup;
			children = (
				D54D0BE7266BE8740098AFD1 /* Summer2021 */,
				D54D0BFE266BE8760098AFD1 /* Summer2021Tests */,
				D54D0C09266BE8760098AFD1 /* Summer2021UITests */,
				D54D0BE6266BE8740098AFD1 /* Products */,
			);
			sourceTree = "<group>";
		};
		D54D0BE6266BE8740098AFD1 /* Products */ = {
			isa = PBXGroup;
			children = (
				D54D0BE5266BE8740098AFD1 /* Summer2021.app */,
				D54D0BFB266BE8760098AFD1 /* Summer2021Tests.xctest */,
				D54D0C06266BE8760098AFD1 /* Summer2021UITests.xctest */,
			);
			name = Products;
			sourceTree = "<group>";
		};
		D54D0BE7266BE8740098AFD1 /* Summer2021 */ = {
			isa = PBXGroup;
			children = (
				D54D0BE8266BE8740098AFD1 /* AppDelegate.swift */,
				D54D0BEA266BE8740098AFD1 /* SceneDelegate.swift */,
				D54D0BEC266BE8740098AFD1 /* ViewController.swift */,
				D54D0BEE266BE8740098AFD1 /* Main.storyboard */,
				D54D0BF1266BE8760098AFD1 /* Assets.xcassets */,
				D54D0BF3266BE8760098AFD1 /* LaunchScreen.storyboard */,
				D54D0BF6266BE8760098AFD1 /* Info.plist */,
			);
			path = Summer2021;
			sourceTree = "<group>";
		};
		D54D0BFE266BE8760098AFD1 /* Summer2021Tests */ = {
			isa = PBXGroup;
			children = (
				D54D0BFF266BE8760098AFD1 /* Summer2021Tests.swift */,
				D54D0C01266BE8760098AFD1 /* Info.plist */,
			);
			path = Summer2021Tests;
			sourceTree = "<group>";
		};
		D54D0C09266BE8760098AFD1 /* Summer2021UITests */ = {
			isa = PBXGroup;
			children = (
				D54D0C0A266BE8760098AFD1 /* Summer2021UITests.swift */,
				D54D0C0C266BE8760098AFD1 /* Info.plist */,
			);
			path = Summer2021UITests;
			sourceTree = "<group>";
		};
/* End PBXGroup section */

/* Begin PBXNativeTarget section */
		D54D0BE4266BE8740098AFD1 /* Summer2021 */ = {
			isa = PBXNativeTarget;
			buildConfigurationList = D54D0C0F266BE8760098AFD1 /* Build configuration list for PBXNativeTarget "Summer2021" */;
			buildPhases = (
				D54D0BE1266BE8740098AFD1 /* Sources */,
				D54D0BE2266BE8740098AFD1 /* Frameworks */,
				D54D0BE3266BE8740098AFD1 /* Resources */,
			);
			buildRules = (
			);
			dependencies = (
			);
			name = Summer2021;
			productName = Summer2021;
			productReference = D54D0BE5266BE8740098AFD1 /* Summer2021.app */;
			productType = "com.apple.product-type.application";
		};
		D54D0BFA266BE8760098AFD1 /* Summer2021Tests */ = {
			isa = PBXNativeTarget;
			buildConfigurationList = D54D0C12266BE8760098AFD1 /* Build configuration list for PBXNativeTarget "Summer2021Tests" */;
			buildPhases = (
				D54D0BF7266BE8760098AFD1 /* Sources */,
				D54D0BF8266BE8760098AFD1 /* Frameworks */,
				D54D0BF9266BE8760098AFD1 /* Resources */,
			);
			buildRules = (
			);
			dependencies = (
				D54D0BFD266BE8760098AFD1 /* PBXTargetDependency */,
			);
			name = Summer2021Tests;
			productName = Summer2021Tests;
			productReference = D54D0BFB266BE8760098AFD1 /* Summer2021Tests.xctest */;
			productType = "com.apple.product-type.bundle.unit-test";
		};
		D54D0C05266BE8760098AFD1 /* Summer2021UITests */ = {
			isa = PBXNativeTarget;
			buildConfigurationList = D54D0C15266BE8760098AFD1 /* Build configuration list for PBXNativeTarget "Summer2021UITests" */;
			buildPhases = (
				D54D0C02266BE8760098AFD1 /* Sources */,
				D54D0C03266BE8760098AFD1 /* Frameworks */,
				D54D0C04266BE8760098AFD1 /* Resources */,
			);
			buildRules = (
			);
			dependencies = (
				D54D0C08266BE8760098AFD1 /* PBXTargetDependency */,
			);
			name = Summer2021UITests;
			productName = Summer2021UITests;
			productReference = D54D0C06266BE8760098AFD1 /* Summer2021UITests.xctest */;
			productType = "com.apple.product-type.bundle.ui-testing";
		};
/* End PBXNativeTarget section */

/* Begin PBXProject section */
		D54D0BDD266BE8740098AFD1 /* Project object */ = {
			isa = PBXProject;
			attributes = {
				LastSwiftUpdateCheck = 1250;
				LastUpgradeCheck = 1250;
				TargetAttributes = {
					D54D0BE4266BE8740098AFD1 = {
						CreatedOnToolsVersion = 12.5;
					};
					D54D0BFA266BE8760098AFD1 = {
						CreatedOnToolsVersion = 12.5;
						TestTargetID = D54D0BE4266BE8740098AFD1;
					};
					D54D0C05266BE8760098AFD1 = {
						CreatedOnToolsVersion = 12.5;
						TestTargetID = D54D0BE4266BE8740098AFD1;
					};
				};
			};
			buildConfigurationList = D54D0BE0266BE8740098AFD1 /* Build configuration list for PBXProject "Summer2021" */;
			compatibilityVersion = "Xcode 9.3";
			developmentRegion = en;
			hasScannedForEncodings = 0;
			knownRegions = (
				en,
				Base,
			);
			mainGroup = D54D0BDC266BE8740098AFD1;
			productRefGroup = D54D0BE6266BE8740098AFD1 /* Products */;
			projectDirPath = "";
			projectRoot = "";
			targets = (
				D54D0BE4266BE8740098AFD1 /* Summer2021 */,
				D54D0BFA266BE8760098AFD1 /* Summer2021Tests */,
				D54D0C05266BE8760098AFD1 /* Summer2021UITests */,
			);
		};
/* End PBXProject section */

/* Begin PBXResourcesBuildPhase section */
		D54D0BE3266BE8740098AFD1 /* Resources */ = {
			isa = PBXResourcesBuildPhase;
			buildActionMask = 2147483647;
			files = (
				D54D0BF5266BE8760098AFD1 /* LaunchScreen.storyboard in Resources */,
				D54D0BF2266BE8760098AFD1 /* Assets.xcassets in Resources */,
				D54D0BF0266BE8740098AFD1 /* Main.storyboard in Resources */,
			);
			runOnlyForDeploymentPostprocessing = 0;
		};
		D54D0BF9266BE8760098AFD1 /* Resources */ = {
			isa = PBXResourcesBuildPhase;
			buildActionMask = 2147483647;
			files = (
			);
			runOnlyForDeploymentPostprocessing = 0;
		};
		D54D0C04266BE8760098AFD1 /* Resources */ = {
			isa = PBXResourcesBuildPhase;
			buildActionMask = 2147483647;
			files = (
			);
			runOnlyForDeploymentPostprocessing = 0;
		};
/* End PBXResourcesBuildPhase section */

/* Begin PBXSourcesBuildPhase section */
		D54D0BE1266BE8740098AFD1 /* Sources */ = {
			isa = PBXSourcesBuildPhase;
			buildActionMask = 2147483647;
			files = (
				D54D0BED266BE8740098AFD1 /* ViewController.swift in Sources */,
				D54D0BE9266BE8740098AFD1 /* AppDelegate.swift in Sources */,
				D54D0BEB266BE8740098AFD1 /* SceneDelegate.swift in Sources */,
			);
			runOnlyForDeploymentPostprocessing = 0;
		};
		D54D0BF7266BE8760098AFD1 /* Sources */ = {
			isa = PBXSourcesBuildPhase;
			buildActionMask = 2147483647;
			files = (
				D54D0C00266BE8760098AFD1 /* Summer2021Tests.swift in Sources */,
			);
			runOnlyForDeploymentPostprocessing = 0;
		};
		D54D0C02266BE8760098AFD1 /* Sources */ = {
			isa = PBXSourcesBuildPhase;
			buildActionMask = 2147483647;
			files = (
				D54D0C0B266BE8760098AFD1 /* Summer2021UITests.swift in Sources */,
			);
			runOnlyForDeploymentPostprocessing = 0;
		};
/* End PBXSourcesBuildPhase section */

/* Begin PBXTargetDependency section */
		D54D0BFD266BE8760098AFD1 /* PBXTargetDependency */ = {
			isa = PBXTargetDependency;
			target = D54D0BE4266BE8740098AFD1 /* Summer2021 */;
			targetProxy = D54D0BFC266BE8760098AFD1 /* PBXContainerItemProxy */;
		};
		D54D0C08266BE8760098AFD1 /* PBXTargetDependency */ = {
			isa = PBXTargetDependency;
			target = D54D0BE4266BE8740098AFD1 /* Summer2021 */;
			targetProxy = D54D0C07266BE8760098AFD1 /* PBXContainerItemProxy */;
		};
/* End PBXTargetDependency section */

/* Begin PBXVariantGroup section */
		D54D0BEE266BE8740098AFD1 /* Main.storyboard */ = {
			isa = PBXVariantGroup;
			children = (
				D54D0BEF266BE8740098AFD1 /* Base */,
			);
			name = Main.storyboard;
			sourceTree = "<group>";
		};
		D54D0BF3266BE8760098AFD1 /* LaunchScreen.storyboard */ = {
			isa = PBXVariantGroup;
			children = (
				D54D0BF4266BE8760098AFD1 /* Base */,
			);
			name = LaunchScreen.storyboard;
			sourceTree = "<group>";
		};
/* End PBXVariantGroup section */

/* Begin XCBuildConfiguration section */
		D54D0C0D266BE8760098AFD1 /* Debug */ = {
			isa = XCBuildConfiguration;
			buildSettings = {
				ALWAYS_SEARCH_USER_PATHS = NO;
				CLANG_ANALYZER_NONNULL = YES;
				CLANG_ANALYZER_NUMBER_OBJECT_CONVERSION = YES_AGGRESSIVE;
				CLANG_CXX_LANGUAGE_STANDARD = "gnu++14";
				CLANG_CXX_LIBRARY = "libc++";
				CLANG_ENABLE_MODULES = YES;
				CLANG_ENABLE_OBJC_ARC = YES;
				CLANG_ENABLE_OBJC_WEAK = YES;
				CLANG_WARN_BLOCK_CAPTURE_AUTORELEASING = YES;
				CLANG_WARN_BOOL_CONVERSION = YES;
				CLANG_WARN_COMMA = YES;
				CLANG_WARN_CONSTANT_CONVERSION = YES;
				CLANG_WARN_DEPRECATED_OBJC_IMPLEMENTATIONS = YES;
				CLANG_WARN_DIRECT_OBJC_ISA_USAGE = YES_ERROR;
				CLANG_WARN_DOCUMENTATION_COMMENTS = YES;
				CLANG_WARN_EMPTY_BODY = YES;
				CLANG_WARN_ENUM_CONVERSION = YES;
				CLANG_WARN_INFINITE_RECURSION = YES;
				CLANG_WARN_INT_CONVERSION = YES;
				CLANG_WARN_NON_LITERAL_NULL_CONVERSION = YES;
				CLANG_WARN_OBJC_IMPLICIT_RETAIN_SELF = YES;
				CLANG_WARN_OBJC_LITERAL_CONVERSION = YES;
				CLANG_WARN_OBJC_ROOT_CLASS = YES_ERROR;
				CLANG_WARN_QUOTED_INCLUDE_IN_FRAMEWORK_HEADER = YES;
				CLANG_WARN_RANGE_LOOP_ANALYSIS = YES;
				CLANG_WARN_STRICT_PROTOTYPES = YES;
				CLANG_WARN_SUSPICIOUS_MOVE = YES;
				CLANG_WARN_UNGUARDED_AVAILABILITY = YES_AGGRESSIVE;
				CLANG_WARN_UNREACHABLE_CODE = YES;
				CLANG_WARN__DUPLICATE_METHOD_MATCH = YES;
				COPY_PHASE_STRIP = NO;
				DEBUG_INFORMATION_FORMAT = dwarf;
				ENABLE_STRICT_OBJC_MSGSEND = YES;
				ENABLE_TESTABILITY = YES;
				GCC_C_LANGUAGE_STANDARD = gnu11;
				GCC_DYNAMIC_NO_PIC = NO;
				GCC_NO_COMMON_BLOCKS = YES;
				GCC_OPTIMIZATION_LEVEL = 0;
				GCC_PREPROCESSOR_DEFINITIONS = (
					"DEBUG=1",
					"$(inherited)",
				);
				GCC_WARN_64_TO_32_BIT_CONVERSION = YES;
				GCC_WARN_ABOUT_RETURN_TYPE = YES_ERROR;
				GCC_WARN_UNDECLARED_SELECTOR = YES;
				GCC_WARN_UNINITIALIZED_AUTOS = YES_AGGRESSIVE;
				GCC_WARN_UNUSED_FUNCTION = YES;
				GCC_WARN_UNUSED_VARIABLE = YES;
				IPHONEOS_DEPLOYMENT_TARGET = 14.5;
				MTL_ENABLE_DEBUG_INFO = INCLUDE_SOURCE;
				MTL_FAST_MATH = YES;
				ONLY_ACTIVE_ARCH = YES;
				SDKROOT = iphoneos;
				SWIFT_ACTIVE_COMPILATION_CONDITIONS = DEBUG;
				SWIFT_OPTIMIZATION_LEVEL = "-Onone";
			};
			name = Debug;
		};
		D54D0C0E266BE8760098AFD1 /* Release */ = {
			isa = XCBuildConfiguration;
			buildSettings = {
				ALWAYS_SEARCH_USER_PATHS = NO;
				CLANG_ANALYZER_NONNULL = YES;
				CLANG_ANALYZER_NUMBER_OBJECT_CONVERSION = YES_AGGRESSIVE;
				CLANG_CXX_LANGUAGE_STANDARD = "gnu++14";
				CLANG_CXX_LIBRARY = "libc++";
				CLANG_ENABLE_MODULES = YES;
				CLANG_ENABLE_OBJC_ARC = YES;
				CLANG_ENABLE_OBJC_WEAK = YES;
				CLANG_WARN_BLOCK_CAPTURE_AUTORELEASING = YES;
				CLANG_WARN_BOOL_CONVERSION = YES;
				CLANG_WARN_COMMA = YES;
				CLANG_WARN_CONSTANT_CONVERSION = YES;
				CLANG_WARN_DEPRECATED_OBJC_IMPLEMENTATIONS = YES;
				CLANG_WARN_DIRECT_OBJC_ISA_USAGE = YES_ERROR;
				CLANG_WARN_DOCUMENTATION_COMMENTS = YES;
				CLANG_WARN_EMPTY_BODY = YES;
				CLANG_WARN_ENUM_CONVERSION = YES;
				CLANG_WARN_INFINITE_RECURSION = YES;
				CLANG_WARN_INT_CONVERSION = YES;
				CLANG_WARN_NON_LITERAL_NULL_CONVERSION = YES;
				CLANG_WARN_OBJC_IMPLICIT_RETAIN_SELF = YES;
				CLANG_WARN_OBJC_LITERAL_CONVERSION = YES;
				CLANG_WARN_OBJC_ROOT_CLASS = YES_ERROR;
				CLANG_WARN_QUOTED_INCLUDE_IN_FRAMEWORK_HEADER = YES;
				CLANG_WARN_RANGE_LOOP_ANALYSIS = YES;
				CLANG_WARN_STRICT_PROTOTYPES = YES;
				CLANG_WARN_SUSPICIOUS_MOVE = YES;
				CLANG_WARN_UNGUARDED_AVAILABILITY = YES_AGGRESSIVE;
				CLANG_WARN_UNREACHABLE_CODE = YES;
				CLANG_WARN__DUPLICATE_METHOD_MATCH = YES;
				COPY_PHASE_STRIP = NO;
				DEBUG_INFORMATION_FORMAT = "dwarf-with-dsym";
				ENABLE_NS_ASSERTIONS = NO;
				ENABLE_STRICT_OBJC_MSGSEND = YES;
				GCC_C_LANGUAGE_STANDARD = gnu11;
				GCC_NO_COMMON_BLOCKS = YES;
				GCC_WARN_64_TO_32_BIT_CONVERSION = YES;
				GCC_WARN_ABOUT_RETURN_TYPE = YES_ERROR;
				GCC_WARN_UNDECLARED_SELECTOR = YES;
				GCC_WARN_UNINITIALIZED_AUTOS = YES_AGGRESSIVE;
				GCC_WARN_UNUSED_FUNCTION = YES;
				GCC_WARN_UNUSED_VARIABLE = YES;
				IPHONEOS_DEPLOYMENT_TARGET = 14.5;
				MTL_ENABLE_DEBUG_INFO = NO;
				MTL_FAST_MATH = YES;
				SDKROOT = iphoneos;
				SWIFT_COMPILATION_MODE = wholemodule;
				SWIFT_OPTIMIZATION_LEVEL = "-O";
				VALIDATE_PRODUCT = YES;
			};
			name = Release;
		};
		D54D0C10266BE8760098AFD1 /* Debug */ = {
			isa = XCBuildConfiguration;
			buildSettings = {
				ASSETCATALOG_COMPILER_APPICON_NAME = AppIcon;
				ASSETCATALOG_COMPILER_GLOBAL_ACCENT_COLOR_NAME = AccentColor;
				CODE_SIGN_STYLE = Automatic;
				INFOPLIST_FILE = Summer2021/Info.plist;
				LD_RUNPATH_SEARCH_PATHS = (
					"$(inherited)",
					"@executable_path/Frameworks",
				);
				PRODUCT_BUNDLE_IDENTIFIER = MichaelEllison.Summer2021;
				PRODUCT_NAME = "$(TARGET_NAME)";
				SWIFT_VERSION = 5.0;
				TARGETED_DEVICE_FAMILY = "1,2";
			};
			name = Debug;
		};
		D54D0C11266BE8760098AFD1 /* Release */ = {
			isa = XCBuildConfiguration;
			buildSettings = {
				ASSETCATALOG_COMPILER_APPICON_NAME = AppIcon;
				ASSETCATALOG_COMPILER_GLOBAL_ACCENT_COLOR_NAME = AccentColor;
				CODE_SIGN_STYLE = Automatic;
				INFOPLIST_FILE = Summer2021/Info.plist;
				LD_RUNPATH_SEARCH_PATHS = (
					"$(inherited)",
					"@executable_path/Frameworks",
				);
				PRODUCT_BUNDLE_IDENTIFIER = MichaelEllison.Summer2021;
				PRODUCT_NAME = "$(TARGET_NAME)";
				SWIFT_VERSION = 5.0;
				TARGETED_DEVICE_FAMILY = "1,2";
			};
			name = Release;
		};
		D54D0C13266BE8760098AFD1 /* Debug */ = {
			isa = XCBuildConfiguration;
			buildSettings = {
				ALWAYS_EMBED_SWIFT_STANDARD_LIBRARIES = YES;
				BUNDLE_LOADER = "$(TEST_HOST)";
				CODE_SIGN_STYLE = Automatic;
				INFOPLIST_FILE = Summer2021Tests/Info.plist;
				IPHONEOS_DEPLOYMENT_TARGET = 14.5;
				LD_RUNPATH_SEARCH_PATHS = (
					"$(inherited)",
					"@executable_path/Frameworks",
					"@loader_path/Frameworks",
				);
				PRODUCT_BUNDLE_IDENTIFIER = MichaelEllison.Summer2021Tests;
				PRODUCT_NAME = "$(TARGET_NAME)";
				SWIFT_VERSION = 5.0;
				TARGETED_DEVICE_FAMILY = "1,2";
				TEST_HOST = "$(BUILT_PRODUCTS_DIR)/Summer2021.app/Summer2021";
			};
			name = Debug;
		};
		D54D0C14266BE8760098AFD1 /* Release */ = {
			isa = XCBuildConfiguration;
			buildSettings = {
				ALWAYS_EMBED_SWIFT_STANDARD_LIBRARIES = YES;
				BUNDLE_LOADER = "$(TEST_HOST)";
				CODE_SIGN_STYLE = Automatic;
				INFOPLIST_FILE = Summer2021Tests/Info.plist;
				IPHONEOS_DEPLOYMENT_TARGET = 14.5;
				LD_RUNPATH_SEARCH_PATHS = (
					"$(inherited)",
					"@executable_path/Frameworks",
					"@loader_path/Frameworks",
				);
				PRODUCT_BUNDLE_IDENTIFIER = MichaelEllison.Summer2021Tests;
				PRODUCT_NAME = "$(TARGET_NAME)";
				SWIFT_VERSION = 5.0;
				TARGETED_DEVICE_FAMILY = "1,2";
				TEST_HOST = "$(BUILT_PRODUCTS_DIR)/Summer2021.app/Summer2021";
			};
			name = Release;
		};
		D54D0C16266BE8760098AFD1 /* Debug */ = {
			isa = XCBuildConfiguration;
			buildSettings = {
				ALWAYS_EMBED_SWIFT_STANDARD_LIBRARIES = YES;
				CODE_SIGN_STYLE = Automatic;
				INFOPLIST_FILE = Summer2021UITests/Info.plist;
				LD_RUNPATH_SEARCH_PATHS = (
					"$(inherited)",
					"@executable_path/Frameworks",
					"@loader_path/Frameworks",
				);
				PRODUCT_BUNDLE_IDENTIFIER = MichaelEllison.Summer2021UITests;
				PRODUCT_NAME = "$(TARGET_NAME)";
				SWIFT_VERSION = 5.0;
				TARGETED_DEVICE_FAMILY = "1,2";
				TEST_TARGET_NAME = Summer2021;
			};
			name = Debug;
		};
		D54D0C17266BE8760098AFD1 /* Release */ = {
			isa = XCBuildConfiguration;
			buildSettings = {
				ALWAYS_EMBED_SWIFT_STANDARD_LIBRARIES = YES;
				CODE_SIGN_STYLE = Automatic;
				INFOPLIST_FILE = Summer2021UITests/Info.plist;
				LD_RUNPATH_SEARCH_PATHS = (
					"$(inherited)",
					"@executable_path/Frameworks",
					"@loader_path/Frameworks",
				);
				PRODUCT_BUNDLE_IDENTIFIER = MichaelEllison.Summer2021UITests;
				PRODUCT_NAME = "$(TARGET_NAME)";
				SWIFT_VERSION = 5.0;
				TARGETED_DEVICE_FAMILY = "1,2";
				TEST_TARGET_NAME = Summer2021;
			};
			name = Release;
		};
/* End XCBuildConfiguration section */

/* Begin XCConfigurationList section */
		D54D0BE0266BE8740098AFD1 /* Build configuration list for PBXProject "Summer2021" */ = {
			isa = XCConfigurationList;
			buildConfigurations = (
				D54D0C0D266BE8760098AFD1 /* Debug */,
				D54D0C0E266BE8760098AFD1 /* Release */,
			);
			defaultConfigurationIsVisible = 0;
			defaultConfigurationName = Release;
		};
		D54D0C0F266BE8760098AFD1 /* Build configuration list for PBXNativeTarget "Summer2021" */ = {
			isa = XCConfigurationList;
			buildConfigurations = (
				D54D0C10266BE8760098AFD1 /* Debug */,
				D54D0C11266BE8760098AFD1 /* Release */,
			);
			defaultConfigurationIsVisible = 0;
			defaultConfigurationName = Release;
		};
		D54D0C12266BE8760098AFD1 /* Build configuration list for PBXNativeTarget "Summer2021Tests" */ = {
			isa = XCConfigurationList;
			buildConfigurations = (
				D54D0C13266BE8760098AFD1 /* Debug */,
				D54D0C14266BE8760098AFD1 /* Release */,
			);
			defaultConfigurationIsVisible = 0;
			defaultConfigurationName = Release;
		};
		D54D0C15266BE8760098AFD1 /* Build configuration list for PBXNativeTarget "Summer2021UITests" */ = {
			isa = XCConfigurationList;
			buildConfigurations = (
				D54D0C16266BE8760098AFD1 /* Debug */,
				D54D0C17266BE8760098AFD1 /* Release */,
			);
			defaultConfigurationIsVisible = 0;
			defaultConfigurationName = Release;
		};
/* End XCConfigurationList section */
	};
	rootObject = D54D0BDD266BE8740098AFD1 /* Project object */;
}
